// !$*UTF8*$!
{
	archiveVersion = 1;
	classes = {
	};
	objectVersion = 46;
	objects = {

/* Begin PBXBuildFile section */
		80B775AC66051B5B421FA7AC /* libPods-cam-example.a in Frameworks */ = {isa = PBXBuildFile; fileRef = D5FE9868882C0892E99FFC29 /* libPods-cam-example.a */; };
		98B2DC721DA68FA50069C742 /* main.m in Sources */ = {isa = PBXBuildFile; fileRef = 98B2DC711DA68FA50069C742 /* main.m */; };
		98B2DC751DA68FA50069C742 /* AppDelegate.m in Sources */ = {isa = PBXBuildFile; fileRef = 98B2DC741DA68FA50069C742 /* AppDelegate.m */; };
		98B2DC781DA68FA50069C742 /* ViewController.m in Sources */ = {isa = PBXBuildFile; fileRef = 98B2DC771DA68FA50069C742 /* ViewController.m */; };
		98B2DC7B1DA68FA50069C742 /* Main.storyboard in Resources */ = {isa = PBXBuildFile; fileRef = 98B2DC791DA68FA50069C742 /* Main.storyboard */; };
		98B2DC7D1DA68FA50069C742 /* Assets.xcassets in Resources */ = {isa = PBXBuildFile; fileRef = 98B2DC7C1DA68FA50069C742 /* Assets.xcassets */; };
		98B2DC801DA68FA50069C742 /* LaunchScreen.storyboard in Resources */ = {isa = PBXBuildFile; fileRef = 98B2DC7E1DA68FA50069C742 /* LaunchScreen.storyboard */; };
/* End PBXBuildFile section */

/* Begin PBXFileReference section */
		5F32F66551A1CD61A62B9DE3 /* Pods-cam-example.debug.xcconfig */ = {isa = PBXFileReference; includeInIndex = 1; lastKnownFileType = text.xcconfig; name = "Pods-cam-example.debug.xcconfig"; path = "Pods/Target Support Files/Pods-cam-example/Pods-cam-example.debug.xcconfig"; sourceTree = "<group>"; };
		98B2DC6D1DA68FA50069C742 /* cam-example.app */ = {isa = PBXFileReference; explicitFileType = wrapper.application; includeInIndex = 0; path = "cam-example.app"; sourceTree = BUILT_PRODUCTS_DIR; };
		98B2DC711DA68FA50069C742 /* main.m */ = {isa = PBXFileReference; lastKnownFileType = sourcecode.c.objc; path = main.m; sourceTree = "<group>"; };
		98B2DC731DA68FA50069C742 /* AppDelegate.h */ = {isa = PBXFileReference; lastKnownFileType = sourcecode.c.h; path = AppDelegate.h; sourceTree = "<group>"; };
		98B2DC741DA68FA50069C742 /* AppDelegate.m */ = {isa = PBXFileReference; lastKnownFileType = sourcecode.c.objc; path = AppDelegate.m; sourceTree = "<group>"; };
		98B2DC761DA68FA50069C742 /* ViewController.h */ = {isa = PBXFileReference; lastKnownFileType = sourcecode.c.h; path = ViewController.h; sourceTree = "<group>"; };
		98B2DC771DA68FA50069C742 /* ViewController.m */ = {isa = PBXFileReference; lastKnownFileType = sourcecode.c.objc; path = ViewController.m; sourceTree = "<group>"; };
		98B2DC7A1DA68FA50069C742 /* Base */ = {isa = PBXFileReference; lastKnownFileType = file.storyboard; name = Base; path = Base.lproj/Main.storyboard; sourceTree = "<group>"; };
		98B2DC7C1DA68FA50069C742 /* Assets.xcassets */ = {isa = PBXFileReference; lastKnownFileType = folder.assetcatalog; path = Assets.xcassets; sourceTree = "<group>"; };
		98B2DC7F1DA68FA50069C742 /* Base */ = {isa = PBXFileReference; lastKnownFileType = file.storyboard; name = Base; path = Base.lproj/LaunchScreen.storyboard; sourceTree = "<group>"; };
		98B2DC811DA68FA50069C742 /* Info.plist */ = {isa = PBXFileReference; lastKnownFileType = text.plist.xml; path = Info.plist; sourceTree = "<group>"; };
		D5FE9868882C0892E99FFC29 /* libPods-cam-example.a */ = {isa = PBXFileReference; explicitFileType = archive.ar; includeInIndex = 0; path = "libPods-cam-example.a"; sourceTree = BUILT_PRODUCTS_DIR; };
		F6811FA37B9C938452EC11DC /* Pods-cam-example.release.xcconfig */ = {isa = PBXFileReference; includeInIndex = 1; lastKnownFileType = text.xcconfig; name = "Pods-cam-example.release.xcconfig"; path = "Pods/Target Support Files/Pods-cam-example/Pods-cam-example.release.xcconfig"; sourceTree = "<group>"; };
/* End PBXFileReference section */

/* Begin PBXFrameworksBuildPhase section */
		98B2DC6A1DA68FA50069C742 /* Frameworks */ = {
			isa = PBXFrameworksBuildPhase;
			buildActionMask = 2147483647;
			files = (
				80B775AC66051B5B421FA7AC /* libPods-cam-example.a in Frameworks */,
			);
			runOnlyForDeploymentPostprocessing = 0;
		};
/* End PBXFrameworksBuildPhase section */

/* Begin PBXGroup section */
		98B2DC641DA68FA50069C742 = {
			isa = PBXGroup;
			children = (
				98B2DC6F1DA68FA50069C742 /* cam-example */,
				98B2DC6E1DA68FA50069C742 /* Products */,
				BAE7A8C10C553051C1E1B6D4 /* Pods */,
				A09B9F1FD2D70CE8ABDEAE77 /* Frameworks */,
			);
			sourceTree = "<group>";
		};
		98B2DC6E1DA68FA50069C742 /* Products */ = {
			isa = PBXGroup;
			children = (
				98B2DC6D1DA68FA50069C742 /* cam-example.app */,
			);
			name = Products;
			sourceTree = "<group>";
		};
		98B2DC6F1DA68FA50069C742 /* cam-example */ = {
			isa = PBXGroup;
			children = (
				98B2DC731DA68FA50069C742 /* AppDelegate.h */,
				98B2DC741DA68FA50069C742 /* AppDelegate.m */,
				98B2DC761DA68FA50069C742 /* ViewController.h */,
				98B2DC771DA68FA50069C742 /* ViewController.m */,
				98B2DC791DA68FA50069C742 /* Main.storyboard */,
				98B2DC7C1DA68FA50069C742 /* Assets.xcassets */,
				98B2DC7E1DA68FA50069C742 /* LaunchScreen.storyboard */,
				98B2DC811DA68FA50069C742 /* Info.plist */,
				98B2DC701DA68FA50069C742 /* Supporting Files */,
			);
			path = "cam-example";
			sourceTree = "<group>";
		};
		98B2DC701DA68FA50069C742 /* Supporting Files */ = {
			isa = PBXGroup;
			children = (
				98B2DC711DA68FA50069C742 /* main.m */,
			);
			name = "Supporting Files";
			sourceTree = "<group>";
		};
		A09B9F1FD2D70CE8ABDEAE77 /* Frameworks */ = {
			isa = PBXGroup;
			children = (
				D5FE9868882C0892E99FFC29 /* libPods-cam-example.a */,
			);
			name = Frameworks;
			sourceTree = "<group>";
		};
		BAE7A8C10C553051C1E1B6D4 /* Pods */ = {
			isa = PBXGroup;
			children = (
				5F32F66551A1CD61A62B9DE3 /* Pods-cam-example.debug.xcconfig */,
				F6811FA37B9C938452EC11DC /* Pods-cam-example.release.xcconfig */,
			);
			name = Pods;
			sourceTree = "<group>";
		};
/* End PBXGroup section */

/* Begin PBXNativeTarget section */
		98B2DC6C1DA68FA50069C742 /* cam-example */ = {
			isa = PBXNativeTarget;
			buildConfigurationList = 98B2DC841DA68FA50069C742 /* Build configuration list for PBXNativeTarget "cam-example" */;
			buildPhases = (
				562E1F681ACE2305EEC8171B /* [CP] Check Pods Manifest.lock */,
				98B2DC691DA68FA50069C742 /* Sources */,
				98B2DC6A1DA68FA50069C742 /* Frameworks */,
				98B2DC6B1DA68FA50069C742 /* Resources */,
				AB7A1BDC2263F56B4AB17736 /* [CP] Embed Pods Frameworks */,
				15A9538DE159F18C66C5F2EA /* [CP] Copy Pods Resources */,
			);
			buildRules = (
			);
			dependencies = (
			);
			name = "cam-example";
			productName = "cam-example";
			productReference = 98B2DC6D1DA68FA50069C742 /* cam-example.app */;
			productType = "com.apple.product-type.application";
		};
/* End PBXNativeTarget section */

/* Begin PBXProject section */
		98B2DC651DA68FA50069C742 /* Project object */ = {
			isa = PBXProject;
			attributes = {
				LastUpgradeCheck = 0800;
				ORGANIZATIONNAME = SciApps;
				TargetAttributes = {
					98B2DC6C1DA68FA50069C742 = {
						CreatedOnToolsVersion = 8.0;
						ProvisioningStyle = Automatic;
					};
				};
			};
			buildConfigurationList = 98B2DC681DA68FA50069C742 /* Build configuration list for PBXProject "cam-example" */;
			compatibilityVersion = "Xcode 3.2";
			developmentRegion = English;
			hasScannedForEncodings = 0;
			knownRegions = (
				en,
				Base,
			);
			mainGroup = 98B2DC641DA68FA50069C742;
			productRefGroup = 98B2DC6E1DA68FA50069C742 /* Products */;
			projectDirPath = "";
			projectRoot = "";
			targets = (
				98B2DC6C1DA68FA50069C742 /* cam-example */,
			);
		};
/* End PBXProject section */

/* Begin PBXResourcesBuildPhase section */
		98B2DC6B1DA68FA50069C742 /* Resources */ = {
			isa = PBXResourcesBuildPhase;
			buildActionMask = 2147483647;
			files = (
				98B2DC801DA68FA50069C742 /* LaunchScreen.storyboard in Resources */,
				98B2DC7D1DA68FA50069C742 /* Assets.xcassets in Resources */,
				98B2DC7B1DA68FA50069C742 /* Main.storyboard in Resources */,
			);
			runOnlyForDeploymentPostprocessing = 0;
		};
/* End PBXResourcesBuildPhase section */

/* Begin PBXShellScriptBuildPhase section */
		15A9538DE159F18C66C5F2EA /* [CP] Copy Pods Resources */ = {
			isa = PBXShellScriptBuildPhase;
			buildActionMask = 2147483647;
			files = (
			);
			inputPaths = (
			);
			name = "[CP] Copy Pods Resources";
			outputPaths = (
			);
			runOnlyForDeploymentPostprocessing = 0;
			shellPath = /bin/sh;
			shellScript = "\"${SRCROOT}/Pods/Target Support Files/Pods-cam-example/Pods-cam-example-resources.sh\"\n";
			showEnvVarsInLog = 0;
		};
		562E1F681ACE2305EEC8171B /* [CP] Check Pods Manifest.lock */ = {
			isa = PBXShellScriptBuildPhase;
			buildActionMask = 2147483647;
			files = (
			);
			inputPaths = (
			);
			name = "[CP] Check Pods Manifest.lock";
			outputPaths = (
			);
			runOnlyForDeploymentPostprocessing = 0;
			shellPath = /bin/sh;
			shellScript = "diff \"${PODS_ROOT}/../Podfile.lock\" \"${PODS_ROOT}/Manifest.lock\" > /dev/null\nif [[ $? != 0 ]] ; then\n    cat << EOM\nerror: The sandbox is not in sync with the Podfile.lock. Run 'pod install' or update your CocoaPods installation.\nEOM\n    exit 1\nfi\n";
			showEnvVarsInLog = 0;
		};
		AB7A1BDC2263F56B4AB17736 /* [CP] Embed Pods Frameworks */ = {
			isa = PBXShellScriptBuildPhase;
			buildActionMask = 2147483647;
			files = (
			);
			inputPaths = (
			);
			name = "[CP] Embed Pods Frameworks";
			outputPaths = (
			);
			runOnlyForDeploymentPostprocessing = 0;
			shellPath = /bin/sh;
			shellScript = "\"${SRCROOT}/Pods/Target Support Files/Pods-cam-example/Pods-cam-example-frameworks.sh\"\n";
			showEnvVarsInLog = 0;
		};
/* End PBXShellScriptBuildPhase section */

/* Begin PBXSourcesBuildPhase section */
		98B2DC691DA68FA50069C742 /* Sources */ = {
			isa = PBXSourcesBuildPhase;
			buildActionMask = 2147483647;
			files = (
				98B2DC781DA68FA50069C742 /* ViewController.m in Sources */,
				98B2DC751DA68FA50069C742 /* AppDelegate.m in Sources */,
				98B2DC721DA68FA50069C742 /* main.m in Sources */,
			);
			runOnlyForDeploymentPostprocessing = 0;
		};
/* End PBXSourcesBuildPhase section */

/* Begin PBXVariantGroup section */
		98B2DC791DA68FA50069C742 /* Main.storyboard */ = {
			isa = PBXVariantGroup;
			children = (
				98B2DC7A1DA68FA50069C742 /* Base */,
			);
			name = Main.storyboard;
			sourceTree = "<group>";
		};
		98B2DC7E1DA68FA50069C742 /* LaunchScreen.storyboard */ = {
			isa = PBXVariantGroup;
			children = (
				98B2DC7F1DA68FA50069C742 /* Base */,
			);
			name = LaunchScreen.storyboard;
			sourceTree = "<group>";
		};
/* End PBXVariantGroup section */

/* Begin XCBuildConfiguration section */
		98B2DC821DA68FA50069C742 /* Debug */ = {
			isa = XCBuildConfiguration;
			buildSettings = {
				ALWAYS_SEARCH_USER_PATHS = NO;
				CLANG_ANALYZER_NONNULL = YES;
				CLANG_CXX_LANGUAGE_STANDARD = "gnu++0x";
				CLANG_CXX_LIBRARY = "libc++";
				CLANG_ENABLE_MODULES = YES;
				CLANG_ENABLE_OBJC_ARC = YES;
				CLANG_WARN_BOOL_CONVERSION = YES;
				CLANG_WARN_CONSTANT_CONVERSION = YES;
				CLANG_WARN_DIRECT_OBJC_ISA_USAGE = YES_ERROR;
				CLANG_WARN_DOCUMENTATION_COMMENTS = YES;
				CLANG_WARN_EMPTY_BODY = YES;
				CLANG_WARN_ENUM_CONVERSION = YES;
				CLANG_WARN_INFINITE_RECURSION = YES;
				CLANG_WARN_INT_CONVERSION = YES;
				CLANG_WARN_OBJC_ROOT_CLASS = YES_ERROR;
				CLANG_WARN_SUSPICIOUS_MOVES = YES;
				CLANG_WARN_UNREACHABLE_CODE = YES;
				CLANG_WARN__DUPLICATE_METHOD_MATCH = YES;
				"CODE_SIGN_IDENTITY[sdk=iphoneos*]" = "iPhone Developer";
				COPY_PHASE_STRIP = NO;
				DEBUG_INFORMATION_FORMAT = dwarf;
				ENABLE_STRICT_OBJC_MSGSEND = YES;
				ENABLE_TESTABILITY = YES;
				GCC_C_LANGUAGE_STANDARD = gnu99;
				GCC_DYNAMIC_NO_PIC = NO;
				GCC_NO_COMMON_BLOCKS = YES;
				GCC_OPTIMIZATION_LEVEL = 0;
				GCC_PREPROCESSOR_DEFINITIONS = (
					"DEBUG=1",
					"$(inherited)",
				);
				GCC_WARN_64_TO_32_BIT_CONVERSION = YES;
				GCC_WARN_ABOUT_RETURN_TYPE = YES_ERROR;
				GCC_WARN_UNDECLARED_SELECTOR = YES;
				GCC_WARN_UNINITIALIZED_AUTOS = YES_AGGRESSIVE;
				GCC_WARN_UNUSED_FUNCTION = YES;
				GCC_WARN_UNUSED_VARIABLE = YES;
				IPHONEOS_DEPLOYMENT_TARGET = 10.0;
				MTL_ENABLE_DEBUG_INFO = YES;
				ONLY_ACTIVE_ARCH = YES;
				SDKROOT = iphoneos;
			};
			name = Debug;
		};
		98B2DC831DA68FA50069C742 /* Release */ = {
			isa = XCBuildConfiguration;
			buildSettings = {
				ALWAYS_SEARCH_USER_PATHS = NO;
				CLANG_ANALYZER_NONNULL = YES;
				CLANG_CXX_LANGUAGE_STANDARD = "gnu++0x";
				CLANG_CXX_LIBRARY = "libc++";
				CLANG_ENABLE_MODULES = YES;
				CLANG_ENABLE_OBJC_ARC = YES;
				CLANG_WARN_BOOL_CONVERSION = YES;
				CLANG_WARN_CONSTANT_CONVERSION = YES;
				CLANG_WARN_DIRECT_OBJC_ISA_USAGE = YES_ERROR;
				CLANG_WARN_DOCUMENTATION_COMMENTS = YES;
				CLANG_WARN_EMPTY_BODY = YES;
				CLANG_WARN_ENUM_CONVERSION = YES;
				CLANG_WARN_INFINITE_RECURSION = YES;
				CLANG_WARN_INT_CONVERSION = YES;
				CLANG_WARN_OBJC_ROOT_CLASS = YES_ERROR;
				CLANG_WARN_SUSPICIOUS_MOVES = YES;
				CLANG_WARN_UNREACHABLE_CODE = YES;
				CLANG_WARN__DUPLICATE_METHOD_MATCH = YES;
				"CODE_SIGN_IDENTITY[sdk=iphoneos*]" = "iPhone Developer";
				COPY_PHASE_STRIP = NO;
				DEBUG_INFORMATION_FORMAT = "dwarf-with-dsym";
				ENABLE_NS_ASSERTIONS = NO;
				ENABLE_STRICT_OBJC_MSGSEND = YES;
				GCC_C_LANGUAGE_STANDARD = gnu99;
				GCC_NO_COMMON_BLOCKS = YES;
				GCC_WARN_64_TO_32_BIT_CONVERSION = YES;
				GCC_WARN_ABOUT_RETURN_TYPE = YES_ERROR;
				GCC_WARN_UNDECLARED_SELECTOR = YES;
				GCC_WARN_UNINITIALIZED_AUTOS = YES_AGGRESSIVE;
				GCC_WARN_UNUSED_FUNCTION = YES;
				GCC_WARN_UNUSED_VARIABLE = YES;
				IPHONEOS_DEPLOYMENT_TARGET = 10.0;
				MTL_ENABLE_DEBUG_INFO = NO;
				SDKROOT = iphoneos;
				VALIDATE_PRODUCT = YES;
			};
			name = Release;
		};
		98B2DC851DA68FA50069C742 /* Debug */ = {
			isa = XCBuildConfiguration;
			baseConfigurationReference = 5F32F66551A1CD61A62B9DE3 /* Pods-cam-example.debug.xcconfig */;
			buildSettings = {
				ASSETCATALOG_COMPILER_APPICON_NAME = AppIcon;
				INFOPLIST_FILE = "cam-example/Info.plist";
				LD_RUNPATH_SEARCH_PATHS = "$(inherited) @executable_path/Frameworks";
				PRODUCT_BUNDLE_IDENTIFIER = "sciapps.cam-example";
				PRODUCT_NAME = "$(TARGET_NAME)";
			};
			name = Debug;
		};
		98B2DC861DA68FA50069C742 /* Release */ = {
			isa = XCBuildConfiguration;
			baseConfigurationReference = F6811FA37B9C938452EC11DC /* Pods-cam-example.release.xcconfig */;
			buildSettings = {
				ASSETCATALOG_COMPILER_APPICON_NAME = AppIcon;
				INFOPLIST_FILE = "cam-example/Info.plist";
				LD_RUNPATH_SEARCH_PATHS = "$(inherited) @executable_path/Frameworks";
				PRODUCT_BUNDLE_IDENTIFIER = "sciapps.cam-example";
				PRODUCT_NAME = "$(TARGET_NAME)";
			};
			name = Release;
		};
/* End XCBuildConfiguration section */

/* Begin XCConfigurationList section */
		98B2DC681DA68FA50069C742 /* Build configuration list for PBXProject "cam-example" */ = {
			isa = XCConfigurationList;
			buildConfigurations = (
				98B2DC821DA68FA50069C742 /* Debug */,
				98B2DC831DA68FA50069C742 /* Release */,
			);
			defaultConfigurationIsVisible = 0;
			defaultConfigurationName = Release;
		};
		98B2DC841DA68FA50069C742 /* Build configuration list for PBXNativeTarget "cam-example" */ = {
			isa = XCConfigurationList;
			buildConfigurations = (
				98B2DC851DA68FA50069C742 /* Debug */,
				98B2DC861DA68FA50069C742 /* Release */,
			);
			defaultConfigurationIsVisible = 0;
			defaultConfigurationName = Release;
		};
/* End XCConfigurationList section */
	};
	rootObject = 98B2DC651DA68FA50069C742 /* Project object */;
}
